// !$*UTF8*$!
{
	archiveVersion = 1;
	classes = {
	};
	objectVersion = 56;
	objects = {

/* Begin PBXBuildFile section */
		7F1728111213D9DFE348B345 /* Pods_ObjectTracking.framework in Frameworks */ = {isa = PBXBuildFile; fileRef = BB20D8659D70E4A160AFAC2D /* Pods_ObjectTracking.framework */; };
		8A44E05B2A9EFA18005DAE65 /* CoreMLImageProcessor.swift in Sources */ = {isa = PBXBuildFile; fileRef = 8A44E05A2A9EFA18005DAE65 /* CoreMLImageProcessor.swift */; };
		8A44E05D2A9EFE0B005DAE65 /* YOLOv3.mlmodel in Sources */ = {isa = PBXBuildFile; fileRef = 8A44E05C2A9EFE0A005DAE65 /* YOLOv3.mlmodel */; };
		8A44E05F2A9F04D4005DAE65 /* LocalVideoImageProvider.swift in Sources */ = {isa = PBXBuildFile; fileRef = 8A44E05E2A9F04D4005DAE65 /* LocalVideoImageProvider.swift */; };
		8A44E0622A9F08AD005DAE65 /* Road-traffic.mp4 in Resources */ = {isa = PBXBuildFile; fileRef = 8A44E0612A9F08AD005DAE65 /* Road-traffic.mp4 */; };
		8A44E0642A9F0A3C005DAE65 /* YOLOv3Tiny.mlmodel in Sources */ = {isa = PBXBuildFile; fileRef = 8A44E0632A9F0A3C005DAE65 /* YOLOv3Tiny.mlmodel */; };
		8A44E0662A9F0C1D005DAE65 /* footage_white_com.mp4 in Resources */ = {isa = PBXBuildFile; fileRef = 8A44E0652A9F0C1D005DAE65 /* footage_white_com.mp4 */; };
		8A44E0682A9F10CD005DAE65 /* yolov8n.mlpackage in Sources */ = {isa = PBXBuildFile; fileRef = 8A44E0672A9F10CD005DAE65 /* yolov8n.mlpackage */; };
		8A44E06A2A9F1908005DAE65 /* yolov8x.mlpackage in Sources */ = {isa = PBXBuildFile; fileRef = 8A44E0692A9F1908005DAE65 /* yolov8x.mlpackage */; };
		8A578B1F2A95D587009552DC /* ObjectTrackingApp.swift in Sources */ = {isa = PBXBuildFile; fileRef = 8A578B1E2A95D587009552DC /* ObjectTrackingApp.swift */; };
		8A578B212A95D587009552DC /* ContentView.swift in Sources */ = {isa = PBXBuildFile; fileRef = 8A578B202A95D587009552DC /* ContentView.swift */; };
		8A578B232A95D589009552DC /* Assets.xcassets in Resources */ = {isa = PBXBuildFile; fileRef = 8A578B222A95D589009552DC /* Assets.xcassets */; };
		8A578B262A95D589009552DC /* Preview Assets.xcassets in Resources */ = {isa = PBXBuildFile; fileRef = 8A578B252A95D589009552DC /* Preview Assets.xcassets */; };
		8A578B2D2A95D59D009552DC /* SampleBufferExtension.swift in Sources */ = {isa = PBXBuildFile; fileRef = 8A578B2C2A95D59C009552DC /* SampleBufferExtension.swift */; };
		8A578B302A95D5A3009552DC /* DeviceCameraImageProvider.swift in Sources */ = {isa = PBXBuildFile; fileRef = 8A578B2E2A95D5A3009552DC /* DeviceCameraImageProvider.swift */; };
		8A578B312A95D5A3009552DC /* ImageProvierProtocol.swift in Sources */ = {isa = PBXBuildFile; fileRef = 8A578B2F2A95D5A3009552DC /* ImageProvierProtocol.swift */; };
		8A578B392A972A3F009552DC /* MLKitImageProcessor.swift in Sources */ = {isa = PBXBuildFile; fileRef = 8A578B382A972A3F009552DC /* MLKitImageProcessor.swift */; };
		8A578B3B2A972B27009552DC /* ImageProcessorProtocol.swift in Sources */ = {isa = PBXBuildFile; fileRef = 8A578B3A2A972B27009552DC /* ImageProcessorProtocol.swift */; };
		8A578B3D2A972FF2009552DC /* ImageExtensions.swift in Sources */ = {isa = PBXBuildFile; fileRef = 8A578B3C2A972FF2009552DC /* ImageExtensions.swift */; };
		8A578B402A97437E009552DC /* inception_v4_1_metadata_1.tflite in Resources */ = {isa = PBXBuildFile; fileRef = 8A578B3F2A97437E009552DC /* inception_v4_1_metadata_1.tflite */; };
/* End PBXBuildFile section */

/* Begin PBXFileReference section */
		6877D0F16C18D85B84262E4C /* Pods-ObjectTracking.debug.xcconfig */ = {isa = PBXFileReference; includeInIndex = 1; lastKnownFileType = text.xcconfig; name = "Pods-ObjectTracking.debug.xcconfig"; path = "Target Support Files/Pods-ObjectTracking/Pods-ObjectTracking.debug.xcconfig"; sourceTree = "<group>"; };
		8A44E05A2A9EFA18005DAE65 /* CoreMLImageProcessor.swift */ = {isa = PBXFileReference; lastKnownFileType = sourcecode.swift; path = CoreMLImageProcessor.swift; sourceTree = "<group>"; };
		8A44E05C2A9EFE0A005DAE65 /* YOLOv3.mlmodel */ = {isa = PBXFileReference; lastKnownFileType = file.mlmodel; path = YOLOv3.mlmodel; sourceTree = "<group>"; };
		8A44E05E2A9F04D4005DAE65 /* LocalVideoImageProvider.swift */ = {isa = PBXFileReference; lastKnownFileType = sourcecode.swift; path = LocalVideoImageProvider.swift; sourceTree = "<group>"; };
		8A44E0612A9F08AD005DAE65 /* Road-traffic.mp4 */ = {isa = PBXFileReference; lastKnownFileType = file; path = "Road-traffic.mp4"; sourceTree = "<group>"; };
		8A44E0632A9F0A3C005DAE65 /* YOLOv3Tiny.mlmodel */ = {isa = PBXFileReference; lastKnownFileType = file.mlmodel; path = YOLOv3Tiny.mlmodel; sourceTree = "<group>"; };
		8A44E0652A9F0C1D005DAE65 /* footage_white_com.mp4 */ = {isa = PBXFileReference; lastKnownFileType = file; path = footage_white_com.mp4; sourceTree = "<group>"; };
		8A44E0672A9F10CD005DAE65 /* yolov8n.mlpackage */ = {isa = PBXFileReference; lastKnownFileType = folder.mlpackage; path = yolov8n.mlpackage; sourceTree = "<group>"; };
		8A44E0692A9F1908005DAE65 /* yolov8x.mlpackage */ = {isa = PBXFileReference; lastKnownFileType = folder.mlpackage; path = yolov8x.mlpackage; sourceTree = "<group>"; };
		8A578B1B2A95D587009552DC /* ObjectTracking.app */ = {isa = PBXFileReference; explicitFileType = wrapper.application; includeInIndex = 0; path = ObjectTracking.app; sourceTree = BUILT_PRODUCTS_DIR; };
		8A578B1E2A95D587009552DC /* ObjectTrackingApp.swift */ = {isa = PBXFileReference; lastKnownFileType = sourcecode.swift; path = ObjectTrackingApp.swift; sourceTree = "<group>"; };
		8A578B202A95D587009552DC /* ContentView.swift */ = {isa = PBXFileReference; lastKnownFileType = sourcecode.swift; path = ContentView.swift; sourceTree = "<group>"; };
		8A578B222A95D589009552DC /* Assets.xcassets */ = {isa = PBXFileReference; lastKnownFileType = folder.assetcatalog; path = Assets.xcassets; sourceTree = "<group>"; };
		8A578B252A95D589009552DC /* Preview Assets.xcassets */ = {isa = PBXFileReference; lastKnownFileType = folder.assetcatalog; path = "Preview Assets.xcassets"; sourceTree = "<group>"; };
		8A578B2C2A95D59C009552DC /* SampleBufferExtension.swift */ = {isa = PBXFileReference; fileEncoding = 4; lastKnownFileType = sourcecode.swift; path = SampleBufferExtension.swift; sourceTree = "<group>"; };
		8A578B2E2A95D5A3009552DC /* DeviceCameraImageProvider.swift */ = {isa = PBXFileReference; fileEncoding = 4; lastKnownFileType = sourcecode.swift; path = DeviceCameraImageProvider.swift; sourceTree = "<group>"; };
		8A578B2F2A95D5A3009552DC /* ImageProvierProtocol.swift */ = {isa = PBXFileReference; fileEncoding = 4; lastKnownFileType = sourcecode.swift; path = ImageProvierProtocol.swift; sourceTree = "<group>"; };
		8A578B382A972A3F009552DC /* MLKitImageProcessor.swift */ = {isa = PBXFileReference; lastKnownFileType = sourcecode.swift; path = MLKitImageProcessor.swift; sourceTree = "<group>"; };
		8A578B3A2A972B27009552DC /* ImageProcessorProtocol.swift */ = {isa = PBXFileReference; lastKnownFileType = sourcecode.swift; path = ImageProcessorProtocol.swift; sourceTree = "<group>"; };
		8A578B3C2A972FF2009552DC /* ImageExtensions.swift */ = {isa = PBXFileReference; lastKnownFileType = sourcecode.swift; path = ImageExtensions.swift; sourceTree = "<group>"; };
		8A578B3F2A97437E009552DC /* inception_v4_1_metadata_1.tflite */ = {isa = PBXFileReference; lastKnownFileType = file; path = inception_v4_1_metadata_1.tflite; sourceTree = "<group>"; };
		B338B59FFA1177447323D6A5 /* Pods-ObjectTracking.release.xcconfig */ = {isa = PBXFileReference; includeInIndex = 1; lastKnownFileType = text.xcconfig; name = "Pods-ObjectTracking.release.xcconfig"; path = "Target Support Files/Pods-ObjectTracking/Pods-ObjectTracking.release.xcconfig"; sourceTree = "<group>"; };
		BB20D8659D70E4A160AFAC2D /* Pods_ObjectTracking.framework */ = {isa = PBXFileReference; explicitFileType = wrapper.framework; includeInIndex = 0; path = Pods_ObjectTracking.framework; sourceTree = BUILT_PRODUCTS_DIR; };
/* End PBXFileReference section */

/* Begin PBXFrameworksBuildPhase section */
		8A578B182A95D587009552DC /* Frameworks */ = {
			isa = PBXFrameworksBuildPhase;
			buildActionMask = 2147483647;
			files = (
				7F1728111213D9DFE348B345 /* Pods_ObjectTracking.framework in Frameworks */,
			);
			runOnlyForDeploymentPostprocessing = 0;
		};
/* End PBXFrameworksBuildPhase section */

/* Begin PBXGroup section */
		4FE918B0A6B8A1117AFEABCF /* Pods */ = {
			isa = PBXGroup;
			children = (
				6877D0F16C18D85B84262E4C /* Pods-ObjectTracking.debug.xcconfig */,
				B338B59FFA1177447323D6A5 /* Pods-ObjectTracking.release.xcconfig */,
			);
			path = Pods;
			sourceTree = "<group>";
		};
		8A44E0602A9F0878005DAE65 /* Videos */ = {
			isa = PBXGroup;
			children = (
				8A44E0612A9F08AD005DAE65 /* Road-traffic.mp4 */,
				8A44E0652A9F0C1D005DAE65 /* footage_white_com.mp4 */,
			);
			path = Videos;
			sourceTree = "<group>";
		};
		8A578B122A95D587009552DC = {
			isa = PBXGroup;
			children = (
				8A578B1D2A95D587009552DC /* ObjectTracking */,
				8A578B1C2A95D587009552DC /* Products */,
				4FE918B0A6B8A1117AFEABCF /* Pods */,
				D9631A5152F2E6858670CD7D /* Frameworks */,
			);
			sourceTree = "<group>";
		};
		8A578B1C2A95D587009552DC /* Products */ = {
			isa = PBXGroup;
			children = (
				8A578B1B2A95D587009552DC /* ObjectTracking.app */,
			);
			name = Products;
			sourceTree = "<group>";
		};
		8A578B1D2A95D587009552DC /* ObjectTracking */ = {
			isa = PBXGroup;
			children = (
				8A578B1E2A95D587009552DC /* ObjectTrackingApp.swift */,
				8A578B202A95D587009552DC /* ContentView.swift */,
				8A578B342A9611AC009552DC /* Object Detection */,
				8A578B332A95D5EA009552DC /* Image Provider */,
				8A578B322A95D5E1009552DC /* Extensions */,
				8A578B3E2A974375009552DC /* Models */,
				8A44E0602A9F0878005DAE65 /* Videos */,
				8A578B222A95D589009552DC /* Assets.xcassets */,
				8A578B242A95D589009552DC /* Preview Content */,
			);
			path = ObjectTracking;
			sourceTree = "<group>";
		};
		8A578B242A95D589009552DC /* Preview Content */ = {
			isa = PBXGroup;
			children = (
				8A578B252A95D589009552DC /* Preview Assets.xcassets */,
			);
			path = "Preview Content";
			sourceTree = "<group>";
		};
		8A578B322A95D5E1009552DC /* Extensions */ = {
			isa = PBXGroup;
			children = (
				8A578B2C2A95D59C009552DC /* SampleBufferExtension.swift */,
				8A578B3C2A972FF2009552DC /* ImageExtensions.swift */,
			);
			path = Extensions;
			sourceTree = "<group>";
		};
		8A578B332A95D5EA009552DC /* Image Provider */ = {
			isa = PBXGroup;
			children = (
				8A578B2F2A95D5A3009552DC /* ImageProvierProtocol.swift */,
				8A578B2E2A95D5A3009552DC /* DeviceCameraImageProvider.swift */,
				8A44E05E2A9F04D4005DAE65 /* LocalVideoImageProvider.swift */,
			);
			path = "Image Provider";
			sourceTree = "<group>";
		};
		8A578B342A9611AC009552DC /* Object Detection */ = {
			isa = PBXGroup;
			children = (
				8A44E05A2A9EFA18005DAE65 /* CoreMLImageProcessor.swift */,
				8A578B382A972A3F009552DC /* MLKitImageProcessor.swift */,
				8A578B3A2A972B27009552DC /* ImageProcessorProtocol.swift */,
			);
			path = "Object Detection";
			sourceTree = "<group>";
		};
		8A578B3E2A974375009552DC /* Models */ = {
			isa = PBXGroup;
			children = (
				8A44E0632A9F0A3C005DAE65 /* YOLOv3Tiny.mlmodel */,
				8A44E05C2A9EFE0A005DAE65 /* YOLOv3.mlmodel */,
				8A44E0672A9F10CD005DAE65 /* yolov8n.mlpackage */,
				8A44E0692A9F1908005DAE65 /* yolov8x.mlpackage */,
				8A578B3F2A97437E009552DC /* inception_v4_1_metadata_1.tflite */,
			);
			path = Models;
			sourceTree = "<group>";
		};
		D9631A5152F2E6858670CD7D /* Frameworks */ = {
			isa = PBXGroup;
			children = (
				BB20D8659D70E4A160AFAC2D /* Pods_ObjectTracking.framework */,
			);
			name = Frameworks;
			sourceTree = "<group>";
		};
/* End PBXGroup section */

/* Begin PBXNativeTarget section */
		8A578B1A2A95D587009552DC /* ObjectTracking */ = {
			isa = PBXNativeTarget;
			buildConfigurationList = 8A578B292A95D589009552DC /* Build configuration list for PBXNativeTarget "ObjectTracking" */;
			buildPhases = (
				BD4645FA903E9E11A0FEC288 /* [CP] Check Pods Manifest.lock */,
				8A578B172A95D587009552DC /* Sources */,
				8A578B182A95D587009552DC /* Frameworks */,
				8A578B192A95D587009552DC /* Resources */,
				F50552CB9F5448133FA4FACD /* [CP] Embed Pods Frameworks */,
				463392910D170C0620871E6B /* [CP] Copy Pods Resources */,
			);
			buildRules = (
			);
			dependencies = (
			);
			name = ObjectTracking;
			productName = ObjectTracking;
			productReference = 8A578B1B2A95D587009552DC /* ObjectTracking.app */;
			productType = "com.apple.product-type.application";
		};
/* End PBXNativeTarget section */

/* Begin PBXProject section */
		8A578B132A95D587009552DC /* Project object */ = {
			isa = PBXProject;
			attributes = {
				BuildIndependentTargetsInParallel = 1;
				LastSwiftUpdateCheck = 1430;
				LastUpgradeCheck = 1430;
				TargetAttributes = {
					8A578B1A2A95D587009552DC = {
						CreatedOnToolsVersion = 14.3.1;
					};
				};
			};
			buildConfigurationList = 8A578B162A95D587009552DC /* Build configuration list for PBXProject "ObjectTracking" */;
			compatibilityVersion = "Xcode 14.0";
			developmentRegion = en;
			hasScannedForEncodings = 0;
			knownRegions = (
				en,
				Base,
			);
			mainGroup = 8A578B122A95D587009552DC;
			productRefGroup = 8A578B1C2A95D587009552DC /* Products */;
			projectDirPath = "";
			projectRoot = "";
			targets = (
				8A578B1A2A95D587009552DC /* ObjectTracking */,
			);
		};
/* End PBXProject section */

/* Begin PBXResourcesBuildPhase section */
		8A578B192A95D587009552DC /* Resources */ = {
			isa = PBXResourcesBuildPhase;
			buildActionMask = 2147483647;
			files = (
				8A578B402A97437E009552DC /* inception_v4_1_metadata_1.tflite in Resources */,
				8A44E0662A9F0C1D005DAE65 /* footage_white_com.mp4 in Resources */,
				8A44E0622A9F08AD005DAE65 /* Road-traffic.mp4 in Resources */,
				8A578B262A95D589009552DC /* Preview Assets.xcassets in Resources */,
				8A578B232A95D589009552DC /* Assets.xcassets in Resources */,
			);
			runOnlyForDeploymentPostprocessing = 0;
		};
/* End PBXResourcesBuildPhase section */

/* Begin PBXShellScriptBuildPhase section */
		463392910D170C0620871E6B /* [CP] Copy Pods Resources */ = {
			isa = PBXShellScriptBuildPhase;
			buildActionMask = 2147483647;
			files = (
			);
			inputFileListPaths = (
				"${PODS_ROOT}/Target Support Files/Pods-ObjectTracking/Pods-ObjectTracking-resources-${CONFIGURATION}-input-files.xcfilelist",
			);
			name = "[CP] Copy Pods Resources";
			outputFileListPaths = (
				"${PODS_ROOT}/Target Support Files/Pods-ObjectTracking/Pods-ObjectTracking-resources-${CONFIGURATION}-output-files.xcfilelist",
			);
			runOnlyForDeploymentPostprocessing = 0;
			shellPath = /bin/sh;
			shellScript = "\"${PODS_ROOT}/Target Support Files/Pods-ObjectTracking/Pods-ObjectTracking-resources.sh\"\n";
			showEnvVarsInLog = 0;
		};
		BD4645FA903E9E11A0FEC288 /* [CP] Check Pods Manifest.lock */ = {
			isa = PBXShellScriptBuildPhase;
			buildActionMask = 2147483647;
			files = (
			);
			inputFileListPaths = (
			);
			inputPaths = (
				"${PODS_PODFILE_DIR_PATH}/Podfile.lock",
				"${PODS_ROOT}/Manifest.lock",
			);
			name = "[CP] Check Pods Manifest.lock";
			outputFileListPaths = (
			);
			outputPaths = (
				"$(DERIVED_FILE_DIR)/Pods-ObjectTracking-checkManifestLockResult.txt",
			);
			runOnlyForDeploymentPostprocessing = 0;
			shellPath = /bin/sh;
			shellScript = "diff \"${PODS_PODFILE_DIR_PATH}/Podfile.lock\" \"${PODS_ROOT}/Manifest.lock\" > /dev/null\nif [ $? != 0 ] ; then\n    # print error to STDERR\n    echo \"error: The sandbox is not in sync with the Podfile.lock. Run 'pod install' or update your CocoaPods installation.\" >&2\n    exit 1\nfi\n# This output is used by Xcode 'outputs' to avoid re-running this script phase.\necho \"SUCCESS\" > \"${SCRIPT_OUTPUT_FILE_0}\"\n";
			showEnvVarsInLog = 0;
		};
		F50552CB9F5448133FA4FACD /* [CP] Embed Pods Frameworks */ = {
			isa = PBXShellScriptBuildPhase;
			buildActionMask = 2147483647;
			files = (
			);
			inputFileListPaths = (
				"${PODS_ROOT}/Target Support Files/Pods-ObjectTracking/Pods-ObjectTracking-frameworks-${CONFIGURATION}-input-files.xcfilelist",
			);
			name = "[CP] Embed Pods Frameworks";
			outputFileListPaths = (
				"${PODS_ROOT}/Target Support Files/Pods-ObjectTracking/Pods-ObjectTracking-frameworks-${CONFIGURATION}-output-files.xcfilelist",
			);
			runOnlyForDeploymentPostprocessing = 0;
			shellPath = /bin/sh;
			shellScript = "\"${PODS_ROOT}/Target Support Files/Pods-ObjectTracking/Pods-ObjectTracking-frameworks.sh\"\n";
			showEnvVarsInLog = 0;
		};
/* End PBXShellScriptBuildPhase section */

/* Begin PBXSourcesBuildPhase section */
		8A578B172A95D587009552DC /* Sources */ = {
			isa = PBXSourcesBuildPhase;
			buildActionMask = 2147483647;
			files = (
				8A44E05D2A9EFE0B005DAE65 /* YOLOv3.mlmodel in Sources */,
				8A578B312A95D5A3009552DC /* ImageProvierProtocol.swift in Sources */,
				8A578B212A95D587009552DC /* ContentView.swift in Sources */,
				8A578B3B2A972B27009552DC /* ImageProcessorProtocol.swift in Sources */,
				8A44E0682A9F10CD005DAE65 /* yolov8n.mlpackage in Sources */,
				8A578B3D2A972FF2009552DC /* ImageExtensions.swift in Sources */,
				8A578B302A95D5A3009552DC /* DeviceCameraImageProvider.swift in Sources */,
				8A44E06A2A9F1908005DAE65 /* yolov8x.mlpackage in Sources */,
				8A578B392A972A3F009552DC /* MLKitImageProcessor.swift in Sources */,
				8A44E05B2A9EFA18005DAE65 /* CoreMLImageProcessor.swift in Sources */,
				8A44E05F2A9F04D4005DAE65 /* LocalVideoImageProvider.swift in Sources */,
				8A578B1F2A95D587009552DC /* ObjectTrackingApp.swift in Sources */,
				8A44E0642A9F0A3C005DAE65 /* YOLOv3Tiny.mlmodel in Sources */,
				8A578B2D2A95D59D009552DC /* SampleBufferExtension.swift in Sources */,
			);
			runOnlyForDeploymentPostprocessing = 0;
		};
/* End PBXSourcesBuildPhase section */

/* Begin XCBuildConfiguration section */
		8A578B272A95D589009552DC /* Debug */ = {
			isa = XCBuildConfiguration;
			buildSettings = {
				ALWAYS_SEARCH_USER_PATHS = NO;
				CLANG_ANALYZER_NONNULL = YES;
				CLANG_ANALYZER_NUMBER_OBJECT_CONVERSION = YES_AGGRESSIVE;
				CLANG_CXX_LANGUAGE_STANDARD = "gnu++20";
				CLANG_ENABLE_MODULES = YES;
				CLANG_ENABLE_OBJC_ARC = YES;
				CLANG_ENABLE_OBJC_WEAK = YES;
				CLANG_WARN_BLOCK_CAPTURE_AUTORELEASING = YES;
				CLANG_WARN_BOOL_CONVERSION = YES;
				CLANG_WARN_COMMA = YES;
				CLANG_WARN_CONSTANT_CONVERSION = YES;
				CLANG_WARN_DEPRECATED_OBJC_IMPLEMENTATIONS = YES;
				CLANG_WARN_DIRECT_OBJC_ISA_USAGE = YES_ERROR;
				CLANG_WARN_DOCUMENTATION_COMMENTS = YES;
				CLANG_WARN_EMPTY_BODY = YES;
				CLANG_WARN_ENUM_CONVERSION = YES;
				CLANG_WARN_INFINITE_RECURSION = YES;
				CLANG_WARN_INT_CONVERSION = YES;
				CLANG_WARN_NON_LITERAL_NULL_CONVERSION = YES;
				CLANG_WARN_OBJC_IMPLICIT_RETAIN_SELF = YES;
				CLANG_WARN_OBJC_LITERAL_CONVERSION = YES;
				CLANG_WARN_OBJC_ROOT_CLASS = YES_ERROR;
				CLANG_WARN_QUOTED_INCLUDE_IN_FRAMEWORK_HEADER = YES;
				CLANG_WARN_RANGE_LOOP_ANALYSIS = YES;
				CLANG_WARN_STRICT_PROTOTYPES = YES;
				CLANG_WARN_SUSPICIOUS_MOVE = YES;
				CLANG_WARN_UNGUARDED_AVAILABILITY = YES_AGGRESSIVE;
				CLANG_WARN_UNREACHABLE_CODE = YES;
				CLANG_WARN__DUPLICATE_METHOD_MATCH = YES;
				COPY_PHASE_STRIP = NO;
				DEBUG_INFORMATION_FORMAT = dwarf;
				ENABLE_STRICT_OBJC_MSGSEND = YES;
				ENABLE_TESTABILITY = YES;
				GCC_C_LANGUAGE_STANDARD = gnu11;
				GCC_DYNAMIC_NO_PIC = NO;
				GCC_NO_COMMON_BLOCKS = YES;
				GCC_OPTIMIZATION_LEVEL = 0;
				GCC_PREPROCESSOR_DEFINITIONS = (
					"DEBUG=1",
					"$(inherited)",
				);
				GCC_WARN_64_TO_32_BIT_CONVERSION = YES;
				GCC_WARN_ABOUT_RETURN_TYPE = YES_ERROR;
				GCC_WARN_UNDECLARED_SELECTOR = YES;
				GCC_WARN_UNINITIALIZED_AUTOS = YES_AGGRESSIVE;
				GCC_WARN_UNUSED_FUNCTION = YES;
				GCC_WARN_UNUSED_VARIABLE = YES;
				IPHONEOS_DEPLOYMENT_TARGET = 15.0;
				MTL_ENABLE_DEBUG_INFO = INCLUDE_SOURCE;
				MTL_FAST_MATH = YES;
				ONLY_ACTIVE_ARCH = YES;
				SDKROOT = iphoneos;
				SWIFT_ACTIVE_COMPILATION_CONDITIONS = DEBUG;
				SWIFT_OPTIMIZATION_LEVEL = "-Onone";
			};
			name = Debug;
		};
		8A578B282A95D589009552DC /* Release */ = {
			isa = XCBuildConfiguration;
			buildSettings = {
				ALWAYS_SEARCH_USER_PATHS = NO;
				CLANG_ANALYZER_NONNULL = YES;
				CLANG_ANALYZER_NUMBER_OBJECT_CONVERSION = YES_AGGRESSIVE;
				CLANG_CXX_LANGUAGE_STANDARD = "gnu++20";
				CLANG_ENABLE_MODULES = YES;
				CLANG_ENABLE_OBJC_ARC = YES;
				CLANG_ENABLE_OBJC_WEAK = YES;
				CLANG_WARN_BLOCK_CAPTURE_AUTORELEASING = YES;
				CLANG_WARN_BOOL_CONVERSION = YES;
				CLANG_WARN_COMMA = YES;
				CLANG_WARN_CONSTANT_CONVERSION = YES;
				CLANG_WARN_DEPRECATED_OBJC_IMPLEMENTATIONS = YES;
				CLANG_WARN_DIRECT_OBJC_ISA_USAGE = YES_ERROR;
				CLANG_WARN_DOCUMENTATION_COMMENTS = YES;
				CLANG_WARN_EMPTY_BODY = YES;
				CLANG_WARN_ENUM_CONVERSION = YES;
				CLANG_WARN_INFINITE_RECURSION = YES;
				CLANG_WARN_INT_CONVERSION = YES;
				CLANG_WARN_NON_LITERAL_NULL_CONVERSION = YES;
				CLANG_WARN_OBJC_IMPLICIT_RETAIN_SELF = YES;
				CLANG_WARN_OBJC_LITERAL_CONVERSION = YES;
				CLANG_WARN_OBJC_ROOT_CLASS = YES_ERROR;
				CLANG_WARN_QUOTED_INCLUDE_IN_FRAMEWORK_HEADER = YES;
				CLANG_WARN_RANGE_LOOP_ANALYSIS = YES;
				CLANG_WARN_STRICT_PROTOTYPES = YES;
				CLANG_WARN_SUSPICIOUS_MOVE = YES;
				CLANG_WARN_UNGUARDED_AVAILABILITY = YES_AGGRESSIVE;
				CLANG_WARN_UNREACHABLE_CODE = YES;
				CLANG_WARN__DUPLICATE_METHOD_MATCH = YES;
				COPY_PHASE_STRIP = NO;
				DEBUG_INFORMATION_FORMAT = "dwarf-with-dsym";
				ENABLE_NS_ASSERTIONS = NO;
				ENABLE_STRICT_OBJC_MSGSEND = YES;
				GCC_C_LANGUAGE_STANDARD = gnu11;
				GCC_NO_COMMON_BLOCKS = YES;
				GCC_WARN_64_TO_32_BIT_CONVERSION = YES;
				GCC_WARN_ABOUT_RETURN_TYPE = YES_ERROR;
				GCC_WARN_UNDECLARED_SELECTOR = YES;
				GCC_WARN_UNINITIALIZED_AUTOS = YES_AGGRESSIVE;
				GCC_WARN_UNUSED_FUNCTION = YES;
				GCC_WARN_UNUSED_VARIABLE = YES;
				IPHONEOS_DEPLOYMENT_TARGET = 15.0;
				MTL_ENABLE_DEBUG_INFO = NO;
				MTL_FAST_MATH = YES;
				SDKROOT = iphoneos;
				SWIFT_COMPILATION_MODE = wholemodule;
				SWIFT_OPTIMIZATION_LEVEL = "-O";
				VALIDATE_PRODUCT = YES;
			};
			name = Release;
		};
		8A578B2A2A95D589009552DC /* Debug */ = {
			isa = XCBuildConfiguration;
			baseConfigurationReference = 6877D0F16C18D85B84262E4C /* Pods-ObjectTracking.debug.xcconfig */;
			buildSettings = {
				ASSETCATALOG_COMPILER_APPICON_NAME = AppIcon;
				ASSETCATALOG_COMPILER_GLOBAL_ACCENT_COLOR_NAME = AccentColor;
				CODE_SIGN_STYLE = Automatic;
				CURRENT_PROJECT_VERSION = 1;
				DEVELOPMENT_ASSET_PATHS = "\"ObjectTracking/Preview Content\"";
				DEVELOPMENT_TEAM = Y4TAPH2JR8;
				ENABLE_PREVIEWS = YES;
				GENERATE_INFOPLIST_FILE = YES;
				INFOPLIST_KEY_NSCameraUsageDescription = "This app requires camera permission to enable object detection and tracking functionality.";
				INFOPLIST_KEY_UIApplicationSceneManifest_Generation = YES;
				INFOPLIST_KEY_UIApplicationSupportsIndirectInputEvents = YES;
				INFOPLIST_KEY_UILaunchScreen_Generation = YES;
				INFOPLIST_KEY_UISupportedInterfaceOrientations = "UIInterfaceOrientationLandscapeRight UIInterfaceOrientationPortrait";
				LD_RUNPATH_SEARCH_PATHS = (
					"$(inherited)",
					"@executable_path/Frameworks",
				);
				MARKETING_VERSION = 1.0;
				PRODUCT_BUNDLE_IDENTIFIER = com.syedzain.ObjectTracking;
				PRODUCT_NAME = "$(TARGET_NAME)";
				SWIFT_EMIT_LOC_STRINGS = YES;
				SWIFT_VERSION = 5.0;
				TARGETED_DEVICE_FAMILY = "1,2";
			};
			name = Debug;
		};
		8A578B2B2A95D589009552DC /* Release */ = {
			isa = XCBuildConfiguration;
			baseConfigurationReference = B338B59FFA1177447323D6A5 /* Pods-ObjectTracking.release.xcconfig */;
			buildSettings = {
				ASSETCATALOG_COMPILER_APPICON_NAME = AppIcon;
				ASSETCATALOG_COMPILER_GLOBAL_ACCENT_COLOR_NAME = AccentColor;
				CODE_SIGN_STYLE = Automatic;
				CURRENT_PROJECT_VERSION = 1;
				DEVELOPMENT_ASSET_PATHS = "\"ObjectTracking/Preview Content\"";
				DEVELOPMENT_TEAM = Y4TAPH2JR8;
				ENABLE_PREVIEWS = YES;
				GENERATE_INFOPLIST_FILE = YES;
				INFOPLIST_KEY_NSCameraUsageDescription = "This app requires camera permission to enable object detection and tracking functionality.";
				INFOPLIST_KEY_UIApplicationSceneManifest_Generation = YES;
				INFOPLIST_KEY_UIApplicationSupportsIndirectInputEvents = YES;
				INFOPLIST_KEY_UILaunchScreen_Generation = YES;
				INFOPLIST_KEY_UISupportedInterfaceOrientations = "UIInterfaceOrientationLandscapeRight UIInterfaceOrientationPortrait";
				LD_RUNPATH_SEARCH_PATHS = (
					"$(inherited)",
					"@executable_path/Frameworks",
				);
				MARKETING_VERSION = 1.0;
				PRODUCT_BUNDLE_IDENTIFIER = com.syedzain.ObjectTracking;
				PRODUCT_NAME = "$(TARGET_NAME)";
				SWIFT_EMIT_LOC_STRINGS = YES;
				SWIFT_VERSION = 5.0;
				TARGETED_DEVICE_FAMILY = "1,2";
			};
			name = Release;
		};
/* End XCBuildConfiguration section */

/* Begin XCConfigurationList section */
		8A578B162A95D587009552DC /* Build configuration list for PBXProject "ObjectTracking" */ = {
			isa = XCConfigurationList;
			buildConfigurations = (
				8A578B272A95D589009552DC /* Debug */,
				8A578B282A95D589009552DC /* Release */,
			);
			defaultConfigurationIsVisible = 0;
			defaultConfigurationName = Release;
		};
		8A578B292A95D589009552DC /* Build configuration list for PBXNativeTarget "ObjectTracking" */ = {
			isa = XCConfigurationList;
			buildConfigurations = (
				8A578B2A2A95D589009552DC /* Debug */,
				8A578B2B2A95D589009552DC /* Release */,
			);
			defaultConfigurationIsVisible = 0;
			defaultConfigurationName = Release;
		};
/* End XCConfigurationList section */
	};
	rootObject = 8A578B132A95D587009552DC /* Project object */;
}
